
Microsoft Visual Studio Solution File, Format Version 12.00
# Visual Studio 2013
VisualStudioVersion = 12.0.30723.0
MinimumVisualStudioVersion = 10.0.40219.1
Project("{8BC9CEB8-8B4A-11D0-8D11-00A0C91BC942}") = "BiliRegDll", "BiliRegDll\BiliRegDll.vcxproj", "{5FDC11B6-0604-459A-8D9D-9F7151D73F93}"
EndProject
Project("{8BC9CEB8-8B4A-11D0-8D11-00A0C91BC942}") = "Bilibili", "Bilibili\Bilibili.vcxproj", "{086F1D49-5CE9-4933-B5D9-FA5ED993A2DC}"
EndProject
Global
	GlobalSection(SolutionConfigurationPlatforms) = preSolution
		Debug|Win32 = Debug|Win32
		Release|Win32 = Release|Win32
	EndGlobalSection
	GlobalSection(ProjectConfigurationPlatforms) = postSolution
		{5FDC11B6-0604-459A-8D9D-9F7151D73F93}.Debug|Win32.ActiveCfg = Debug|Win32
		{5FDC11B6-0604-459A-8D9D-9F7151D73F93}.Debug|Win32.Build.0 = Debug|Win32
		{5FDC11B6-0604-459A-8D9D-9F7151D73F93}.Release|Win32.ActiveCfg = Release|Win32
		{5FDC11B6-0604-459A-8D9D-9F7151D73F93}.Release|Win32.Build.0 = Release|Win32
		{086F1D49-5CE9-4933-B5D9-FA5ED993A2DC}.Debug|Win32.ActiveCfg = Debug|Win32
		{086F1D49-5CE9-4933-B5D9-FA5ED993A2DC}.Debug|Win32.Build.0 = Debug|Win32
		{086F1D49-5CE9-4933-B5D9-FA5ED993A2DC}.Release|Win32.ActiveCfg = Release|Win32
		{086F1D49-5CE9-4933-B5D9-FA5ED993A2DC}.Release|Win32.Build.0 = Release|Win32
	EndGlobalSection
	GlobalSection(SolutionProperties) = preSolution
		HideSolutionNode = FALSE
	EndGlobalSection
EndGlobal
