<?xml version="1.0" encoding="utf-8"?>
<Project ToolsVersion="4.0" xmlns="http://schemas.microsoft.com/developer/msbuild/2003">
  <ItemGroup>
    <Filter Include="源文件">
      <UniqueIdentifier>{4FC737F1-C7A5-4376-A066-2A32D752A2FF}</UniqueIdentifier>
      <Extensions>cpp;c;cc;cxx;def;odl;idl;hpj;bat;asm;asmx</Extensions>
    </Filter>
    <Filter Include="头文件">
      <UniqueIdentifier>{93995380-89BD-4b04-88EB-625FBE52EBFB}</UniqueIdentifier>
      <Extensions>h;hh;hpp;hxx;hm;inl;inc;xsd</Extensions>
    </Filter>
    <Filter Include="资源文件">
      <UniqueIdentifier>{67DA6AB6-F800-4c08-8B7A-83BB121AAD01}</UniqueIdentifier>
      <Extensions>rc;ico;cur;bmp;dlg;rc2;rct;bin;rgs;gif;jpg;jpeg;jpe;resx;tiff;tif;png;wav;mfcribbon-ms</Extensions>
    </Filter>
  </ItemGroup>
  <ItemGroup>
    <Text Include="ReadMe.txt" />
  </ItemGroup>
  <ItemGroup>
    <ClInclude Include="Bilibili.h">
      <Filter>头文件</Filter>
    </ClInclude>
    <ClInclude Include="BilibiliDlg.h">
      <Filter>头文件</Filter>
    </ClInclude>
    <ClInclude Include="stdafx.h">
      <Filter>头文件</Filter>
    </ClInclude>
    <ClInclude Include="targetver.h">
      <Filter>头文件</Filter>
    </ClInclude>
    <ClInclude Include="Resource.h">
      <Filter>头文件</Filter>
    </ClInclude>
    <ClInclude Include="BiliThread.h">
      <Filter>头文件</Filter>
    </ClInclude>
    <ClInclude Include="BiliList.h">
      <Filter>头文件</Filter>
    </ClInclude>
    <ClInclude Include="BiliPage.h">
      <Filter>头文件</Filter>
    </ClInclude>
    <ClInclude Include="BiliMenu.h">
      <Filter>头文件</Filter>
    </ClInclude>
    <ClInclude Include="BiliBGSet.h">
      <Filter>头文件</Filter>
    </ClInclude>
    <ClInclude Include="BiliReg.h">
      <Filter>头文件</Filter>
    </ClInclude>
    <ClInclude Include="BiliLogin.h">
      <Filter>头文件</Filter>
    </ClInclude>
    <ClInclude Include="BiliPlayer.h">
      <Filter>头文件</Filter>
    </ClInclude>
    <ClInclude Include="explorer.h">
      <Filter>头文件</Filter>
    </ClInclude>
    <ClInclude Include="BiliOpenVideo.h">
      <Filter>头文件</Filter>
    </ClInclude>
    <ClInclude Include="BiliFace.h">
      <Filter>头文件</Filter>
    </ClInclude>
    <ClInclude Include="BiliThreadRun.h">
      <Filter>头文件</Filter>
    </ClInclude>
  </ItemGroup>
  <ItemGroup>
    <ClCompile Include="Bilibili.cpp">
      <Filter>源文件</Filter>
    </ClCompile>
    <ClCompile Include="BilibiliDlg.cpp">
      <Filter>源文件</Filter>
    </ClCompile>
    <ClCompile Include="stdafx.cpp">
      <Filter>源文件</Filter>
    </ClCompile>
    <ClCompile Include="BiliThread.cpp">
      <Filter>源文件</Filter>
    </ClCompile>
    <ClCompile Include="BiliList.cpp">
      <Filter>源文件</Filter>
    </ClCompile>
    <ClCompile Include="BiliPage.cpp">
      <Filter>源文件</Filter>
    </ClCompile>
    <ClCompile Include="BiliMenu.cpp">
      <Filter>源文件</Filter>
    </ClCompile>
    <ClCompile Include="BiliBGSet.cpp">
      <Filter>源文件</Filter>
    </ClCompile>
    <ClCompile Include="BiliReg.cpp">
      <Filter>源文件</Filter>
    </ClCompile>
    <ClCompile Include="BiliLogin.cpp">
      <Filter>源文件</Filter>
    </ClCompile>
    <ClCompile Include="BiliPlayer.cpp">
      <Filter>源文件</Filter>
    </ClCompile>
    <ClCompile Include="explorer.cpp">
      <Filter>源文件</Filter>
    </ClCompile>
    <ClCompile Include="BiliOpenVideo.cpp">
      <Filter>源文件</Filter>
    </ClCompile>
    <ClCompile Include="BiliFace.cpp">
      <Filter>源文件</Filter>
    </ClCompile>
    <ClCompile Include="BiliThreadRun.cpp">
      <Filter>源文件</Filter>
    </ClCompile>
  </ItemGroup>
  <ItemGroup>
    <ResourceCompile Include="Bilibili.rc">
      <Filter>资源文件</Filter>
    </ResourceCompile>
  </ItemGroup>
  <ItemGroup>
    <None Include="res\Bilibili.rc2">
      <Filter>资源文件</Filter>
    </None>
  </ItemGroup>
  <ItemGroup>
    <Image Include="res\Bilibili.ico">
      <Filter>资源文件</Filter>
    </Image>
  </ItemGroup>
</Project>